// !$*UTF8*$!
{
	archiveVersion = 1;
	classes = {
	};
	objectVersion = 56;
	objects = {

/* Begin PBXBuildFile section */
		5259D97B2A715E1600B3FD76 /* ModuleSampleApp.docc in Sources */ = {isa = PBXBuildFile; fileRef = 5259D97A2A715E1600B3FD76 /* ModuleSampleApp.docc */; };
		5259D97C2A715E1600B3FD76 /* ModuleSampleApp.h in Headers */ = {isa = PBXBuildFile; fileRef = 5259D9792A715E1600B3FD76 /* ModuleSampleApp.h */; settings = {ATTRIBUTES = (Public, ); }; };
		5259D9A12A7160A900B3FD76 /* AppDelegate.swift in Sources */ = {isa = PBXBuildFile; fileRef = 5259D9A02A7160A900B3FD76 /* AppDelegate.swift */; };
		5259D9A32A7160A900B3FD76 /* SceneDelegate.swift in Sources */ = {isa = PBXBuildFile; fileRef = 5259D9A22A7160A900B3FD76 /* SceneDelegate.swift */; };
		5259D9AA2A7160AA00B3FD76 /* Assets.xcassets in Resources */ = {isa = PBXBuildFile; fileRef = 5259D9A92A7160AA00B3FD76 /* Assets.xcassets */; };
		5259D9AD2A7160AA00B3FD76 /* LaunchScreen.storyboard in Resources */ = {isa = PBXBuildFile; fileRef = 5259D9AB2A7160AA00B3FD76 /* LaunchScreen.storyboard */; };
		5259D9B72A7160D600B3FD76 /* ModuleViewController.swift in Sources */ = {isa = PBXBuildFile; fileRef = 5259D9B52A7160D600B3FD76 /* ModuleViewController.swift */; };
		5259D9B82A7160D600B3FD76 /* ModuleViewController.xib in Resources */ = {isa = PBXBuildFile; fileRef = 5259D9B62A7160D600B3FD76 /* ModuleViewController.xib */; };
		5259D9BB2A71628100B3FD76 /* SceneDelegate.swift in Sources */ = {isa = PBXBuildFile; fileRef = 5259D9A22A7160A900B3FD76 /* SceneDelegate.swift */; };
		5259D9BD2A71631600B3FD76 /* ModuleSampleApp.framework in Frameworks */ = {isa = PBXBuildFile; fileRef = 5259D9762A715E1500B3FD76 /* ModuleSampleApp.framework */; };
/* End PBXBuildFile section */

/* Begin PBXContainerItemProxy section */
		5259D9BF2A71631600B3FD76 /* PBXContainerItemProxy */ = {
			isa = PBXContainerItemProxy;
			containerPortal = 5259D96D2A715E1500B3FD76 /* Project object */;
			proxyType = 1;
			remoteGlobalIDString = 5259D9752A715E1500B3FD76;
			remoteInfo = ModuleSampleApp;
		};
/* End PBXContainerItemProxy section */

/* Begin PBXFileReference section */
		5259D9762A715E1500B3FD76 /* ModuleSampleApp.framework */ = {isa = PBXFileReference; explicitFileType = wrapper.framework; includeInIndex = 0; path = ModuleSampleApp.framework; sourceTree = BUILT_PRODUCTS_DIR; };
		5259D9792A715E1600B3FD76 /* ModuleSampleApp.h */ = {isa = PBXFileReference; lastKnownFileType = sourcecode.c.h; path = ModuleSampleApp.h; sourceTree = "<group>"; };
		5259D97A2A715E1600B3FD76 /* ModuleSampleApp.docc */ = {isa = PBXFileReference; lastKnownFileType = folder.documentationcatalog; path = ModuleSampleApp.docc; sourceTree = "<group>"; };
		5259D99E2A7160A900B3FD76 /* Example.app */ = {isa = PBXFileReference; explicitFileType = wrapper.application; includeInIndex = 0; path = Example.app; sourceTree = BUILT_PRODUCTS_DIR; };
		5259D9A02A7160A900B3FD76 /* AppDelegate.swift */ = {isa = PBXFileReference; lastKnownFileType = sourcecode.swift; path = AppDelegate.swift; sourceTree = "<group>"; };
		5259D9A22A7160A900B3FD76 /* SceneDelegate.swift */ = {isa = PBXFileReference; lastKnownFileType = sourcecode.swift; path = SceneDelegate.swift; sourceTree = "<group>"; };
		5259D9A92A7160AA00B3FD76 /* Assets.xcassets */ = {isa = PBXFileReference; lastKnownFileType = folder.assetcatalog; path = Assets.xcassets; sourceTree = "<group>"; };
		5259D9AC2A7160AA00B3FD76 /* Base */ = {isa = PBXFileReference; lastKnownFileType = file.storyboard; name = Base; path = Base.lproj/LaunchScreen.storyboard; sourceTree = "<group>"; };
		5259D9AE2A7160AA00B3FD76 /* Info.plist */ = {isa = PBXFileReference; lastKnownFileType = text.plist.xml; path = Info.plist; sourceTree = "<group>"; };
		5259D9B52A7160D600B3FD76 /* ModuleViewController.swift */ = {isa = PBXFileReference; lastKnownFileType = sourcecode.swift; path = ModuleViewController.swift; sourceTree = "<group>"; };
		5259D9B62A7160D600B3FD76 /* ModuleViewController.xib */ = {isa = PBXFileReference; lastKnownFileType = file.xib; path = ModuleViewController.xib; sourceTree = "<group>"; };
/* End PBXFileReference section */

/* Begin PBXFrameworksBuildPhase section */
		5259D9732A715E1500B3FD76 /* Frameworks */ = {
			isa = PBXFrameworksBuildPhase;
			buildActionMask = 2147483647;
			files = (
			);
			runOnlyForDeploymentPostprocessing = 0;
		};
		5259D99B2A7160A900B3FD76 /* Frameworks */ = {
			isa = PBXFrameworksBuildPhase;
			buildActionMask = 2147483647;
			files = (
				5259D9BD2A71631600B3FD76 /* ModuleSampleApp.framework in Frameworks */,
			);
			runOnlyForDeploymentPostprocessing = 0;
		};
/* End PBXFrameworksBuildPhase section */

/* Begin PBXGroup section */
		5259D96C2A715E1500B3FD76 = {
			isa = PBXGroup;
			children = (
				5259D9782A715E1600B3FD76 /* ModuleSampleApp */,
				5259D99F2A7160A900B3FD76 /* Example */,
				5259D9772A715E1500B3FD76 /* Products */,
				5259D9BC2A71631600B3FD76 /* Frameworks */,
			);
			sourceTree = "<group>";
		};
		5259D9772A715E1500B3FD76 /* Products */ = {
			isa = PBXGroup;
			children = (
				5259D9762A715E1500B3FD76 /* ModuleSampleApp.framework */,
				5259D99E2A7160A900B3FD76 /* Example.app */,
			);
			name = Products;
			sourceTree = "<group>";
		};
		5259D9782A715E1600B3FD76 /* ModuleSampleApp */ = {
			isa = PBXGroup;
			children = (
				5259D9B22A7160B500B3FD76 /* Source */,
				5259D9792A715E1600B3FD76 /* ModuleSampleApp.h */,
				5259D97A2A715E1600B3FD76 /* ModuleSampleApp.docc */,
			);
			path = ModuleSampleApp;
			sourceTree = "<group>";
		};
		5259D99F2A7160A900B3FD76 /* Example */ = {
			isa = PBXGroup;
			children = (
				5259D9A02A7160A900B3FD76 /* AppDelegate.swift */,
				5259D9A22A7160A900B3FD76 /* SceneDelegate.swift */,
				5259D9A92A7160AA00B3FD76 /* Assets.xcassets */,
				5259D9AB2A7160AA00B3FD76 /* LaunchScreen.storyboard */,
				5259D9AE2A7160AA00B3FD76 /* Info.plist */,
			);
			path = Example;
			sourceTree = "<group>";
		};
		5259D9B22A7160B500B3FD76 /* Source */ = {
			isa = PBXGroup;
			children = (
				5259D9B52A7160D600B3FD76 /* ModuleViewController.swift */,
				5259D9B62A7160D600B3FD76 /* ModuleViewController.xib */,
			);
			path = Source;
			sourceTree = "<group>";
		};
		5259D9BC2A71631600B3FD76 /* Frameworks */ = {
			isa = PBXGroup;
			children = (
			);
			name = Frameworks;
			sourceTree = "<group>";
		};
/* End PBXGroup section */

/* Begin PBXHeadersBuildPhase section */
		5259D9712A715E1500B3FD76 /* Headers */ = {
			isa = PBXHeadersBuildPhase;
			buildActionMask = 2147483647;
			files = (
				5259D97C2A715E1600B3FD76 /* ModuleSampleApp.h in Headers */,
			);
			runOnlyForDeploymentPostprocessing = 0;
		};
/* End PBXHeadersBuildPhase section */

/* Begin PBXNativeTarget section */
		5259D9752A715E1500B3FD76 /* ModuleSampleApp */ = {
			isa = PBXNativeTarget;
			buildConfigurationList = 5259D97F2A715E1600B3FD76 /* Build configuration list for PBXNativeTarget "ModuleSampleApp" */;
			buildPhases = (
				5259D9712A715E1500B3FD76 /* Headers */,
				5259D9722A715E1500B3FD76 /* Sources */,
				5259D9732A715E1500B3FD76 /* Frameworks */,
				5259D9742A715E1500B3FD76 /* Resources */,
			);
			buildRules = (
			);
			dependencies = (
			);
			name = ModuleSampleApp;
			productName = ModuleSampleApp;
			productReference = 5259D9762A715E1500B3FD76 /* ModuleSampleApp.framework */;
			productType = "com.apple.product-type.framework";
		};
		5259D99D2A7160A900B3FD76 /* Example */ = {
			isa = PBXNativeTarget;
			buildConfigurationList = 5259D9AF2A7160AA00B3FD76 /* Build configuration list for PBXNativeTarget "Example" */;
			buildPhases = (
				5259D99A2A7160A900B3FD76 /* Sources */,
				5259D99B2A7160A900B3FD76 /* Frameworks */,
				5259D99C2A7160A900B3FD76 /* Resources */,
			);
			buildRules = (
			);
			dependencies = (
				5259D9C02A71631600B3FD76 /* PBXTargetDependency */,
			);
			name = Example;
			productName = Example;
			productReference = 5259D99E2A7160A900B3FD76 /* Example.app */;
			productType = "com.apple.product-type.application";
		};
/* End PBXNativeTarget section */

/* Begin PBXProject section */
		5259D96D2A715E1500B3FD76 /* Project object */ = {
			isa = PBXProject;
			attributes = {
				BuildIndependentTargetsInParallel = 1;
				LastSwiftUpdateCheck = 1430;
				LastUpgradeCheck = 1430;
				TargetAttributes = {
					5259D9752A715E1500B3FD76 = {
						CreatedOnToolsVersion = 14.3.1;
					};
					5259D99D2A7160A900B3FD76 = {
						CreatedOnToolsVersion = 14.3.1;
					};
				};
			};
			buildConfigurationList = 5259D9702A715E1500B3FD76 /* Build configuration list for PBXProject "ModuleSampleApp" */;
			compatibilityVersion = "Xcode 14.0";
			developmentRegion = en;
			hasScannedForEncodings = 0;
			knownRegions = (
				en,
				Base,
			);
			mainGroup = 5259D96C2A715E1500B3FD76;
			productRefGroup = 5259D9772A715E1500B3FD76 /* Products */;
			projectDirPath = "";
			projectRoot = "";
			targets = (
				5259D9752A715E1500B3FD76 /* ModuleSampleApp */,
				5259D99D2A7160A900B3FD76 /* Example */,
			);
		};
/* End PBXProject section */

/* Begin PBXResourcesBuildPhase section */
		5259D9742A715E1500B3FD76 /* Resources */ = {
			isa = PBXResourcesBuildPhase;
			buildActionMask = 2147483647;
			files = (
				5259D9B82A7160D600B3FD76 /* ModuleViewController.xib in Resources */,
			);
			runOnlyForDeploymentPostprocessing = 0;
		};
		5259D99C2A7160A900B3FD76 /* Resources */ = {
			isa = PBXResourcesBuildPhase;
			buildActionMask = 2147483647;
			files = (
				5259D9AD2A7160AA00B3FD76 /* LaunchScreen.storyboard in Resources */,
				5259D9AA2A7160AA00B3FD76 /* Assets.xcassets in Resources */,
			);
			runOnlyForDeploymentPostprocessing = 0;
		};
/* End PBXResourcesBuildPhase section */

/* Begin PBXSourcesBuildPhase section */
		5259D9722A715E1500B3FD76 /* Sources */ = {
			isa = PBXSourcesBuildPhase;
			buildActionMask = 2147483647;
			files = (
				5259D9B72A7160D600B3FD76 /* ModuleViewController.swift in Sources */,
				5259D97B2A715E1600B3FD76 /* ModuleSampleApp.docc in Sources */,
				5259D9BB2A71628100B3FD76 /* SceneDelegate.swift in Sources */,
			);
			runOnlyForDeploymentPostprocessing = 0;
		};
		5259D99A2A7160A900B3FD76 /* Sources */ = {
			isa = PBXSourcesBuildPhase;
			buildActionMask = 2147483647;
			files = (
				5259D9A12A7160A900B3FD76 /* AppDelegate.swift in Sources */,
				5259D9A32A7160A900B3FD76 /* SceneDelegate.swift in Sources */,
			);
			runOnlyForDeploymentPostprocessing = 0;
		};
/* End PBXSourcesBuildPhase section */

/* Begin PBXTargetDependency section */
		5259D9C02A71631600B3FD76 /* PBXTargetDependency */ = {
			isa = PBXTargetDependency;
			target = 5259D9752A715E1500B3FD76 /* ModuleSampleApp */;
			targetProxy = 5259D9BF2A71631600B3FD76 /* PBXContainerItemProxy */;
		};
/* End PBXTargetDependency section */

/* Begin PBXVariantGroup section */
		5259D9AB2A7160AA00B3FD76 /* LaunchScreen.storyboard */ = {
			isa = PBXVariantGroup;
			children = (
				5259D9AC2A7160AA00B3FD76 /* Base */,
			);
			name = LaunchScreen.storyboard;
			sourceTree = "<group>";
		};
/* End PBXVariantGroup section */

/* Begin XCBuildConfiguration section */
		5259D97D2A715E1600B3FD76 /* Debug */ = {
			isa = XCBuildConfiguration;
			buildSettings = {
				ALWAYS_SEARCH_USER_PATHS = NO;
				CLANG_ANALYZER_NONNULL = YES;
				CLANG_ANALYZER_NUMBER_OBJECT_CONVERSION = YES_AGGRESSIVE;
				CLANG_CXX_LANGUAGE_STANDARD = "gnu++20";
				CLANG_ENABLE_MODULES = YES;
				CLANG_ENABLE_OBJC_ARC = YES;
				CLANG_ENABLE_OBJC_WEAK = YES;
				CLANG_WARN_BLOCK_CAPTURE_AUTORELEASING = YES;
				CLANG_WARN_BOOL_CONVERSION = YES;
				CLANG_WARN_COMMA = YES;
				CLANG_WARN_CONSTANT_CONVERSION = YES;
				CLANG_WARN_DEPRECATED_OBJC_IMPLEMENTATIONS = YES;
				CLANG_WARN_DIRECT_OBJC_ISA_USAGE = YES_ERROR;
				CLANG_WARN_DOCUMENTATION_COMMENTS = YES;
				CLANG_WARN_EMPTY_BODY = YES;
				CLANG_WARN_ENUM_CONVERSION = YES;
				CLANG_WARN_INFINITE_RECURSION = YES;
				CLANG_WARN_INT_CONVERSION = YES;
				CLANG_WARN_NON_LITERAL_NULL_CONVERSION = YES;
				CLANG_WARN_OBJC_IMPLICIT_RETAIN_SELF = YES;
				CLANG_WARN_OBJC_LITERAL_CONVERSION = YES;
				CLANG_WARN_OBJC_ROOT_CLASS = YES_ERROR;
				CLANG_WARN_QUOTED_INCLUDE_IN_FRAMEWORK_HEADER = YES;
				CLANG_WARN_RANGE_LOOP_ANALYSIS = YES;
				CLANG_WARN_STRICT_PROTOTYPES = YES;
				CLANG_WARN_SUSPICIOUS_MOVE = YES;
				CLANG_WARN_UNGUARDED_AVAILABILITY = YES_AGGRESSIVE;
				CLANG_WARN_UNREACHABLE_CODE = YES;
				CLANG_WARN__DUPLICATE_METHOD_MATCH = YES;
				COPY_PHASE_STRIP = NO;
				CURRENT_PROJECT_VERSION = 1;
				DEBUG_INFORMATION_FORMAT = dwarf;
				ENABLE_STRICT_OBJC_MSGSEND = YES;
				ENABLE_TESTABILITY = YES;
				GCC_C_LANGUAGE_STANDARD = gnu11;
				GCC_DYNAMIC_NO_PIC = NO;
				GCC_NO_COMMON_BLOCKS = YES;
				GCC_OPTIMIZATION_LEVEL = 0;
				GCC_PREPROCESSOR_DEFINITIONS = (
					"DEBUG=1",
					"$(inherited)",
				);
				GCC_WARN_64_TO_32_BIT_CONVERSION = YES;
				GCC_WARN_ABOUT_RETURN_TYPE = YES_ERROR;
				GCC_WARN_UNDECLARED_SELECTOR = YES;
				GCC_WARN_UNINITIALIZED_AUTOS = YES_AGGRESSIVE;
				GCC_WARN_UNUSED_FUNCTION = YES;
				GCC_WARN_UNUSED_VARIABLE = YES;
				IPHONEOS_DEPLOYMENT_TARGET = 13.0;
				MTL_ENABLE_DEBUG_INFO = INCLUDE_SOURCE;
				MTL_FAST_MATH = YES;
				ONLY_ACTIVE_ARCH = YES;
				SDKROOT = iphoneos;
				SWIFT_ACTIVE_COMPILATION_CONDITIONS = DEBUG;
				SWIFT_OPTIMIZATION_LEVEL = "-Onone";
				VERSIONING_SYSTEM = "apple-generic";
				VERSION_INFO_PREFIX = "";
			};
			name = Debug;
		};
		5259D97E2A715E1600B3FD76 /* Release */ = {
			isa = XCBuildConfiguration;
			buildSettings = {
				ALWAYS_SEARCH_USER_PATHS = NO;
				CLANG_ANALYZER_NONNULL = YES;
				CLANG_ANALYZER_NUMBER_OBJECT_CONVERSION = YES_AGGRESSIVE;
				CLANG_CXX_LANGUAGE_STANDARD = "gnu++20";
				CLANG_ENABLE_MODULES = YES;
				CLANG_ENABLE_OBJC_ARC = YES;
				CLANG_ENABLE_OBJC_WEAK = YES;
				CLANG_WARN_BLOCK_CAPTURE_AUTORELEASING = YES;
				CLANG_WARN_BOOL_CONVERSION = YES;
				CLANG_WARN_COMMA = YES;
				CLANG_WARN_CONSTANT_CONVERSION = YES;
				CLANG_WARN_DEPRECATED_OBJC_IMPLEMENTATIONS = YES;
				CLANG_WARN_DIRECT_OBJC_ISA_USAGE = YES_ERROR;
				CLANG_WARN_DOCUMENTATION_COMMENTS = YES;
				CLANG_WARN_EMPTY_BODY = YES;
				CLANG_WARN_ENUM_CONVERSION = YES;
				CLANG_WARN_INFINITE_RECURSION = YES;
				CLANG_WARN_INT_CONVERSION = YES;
				CLANG_WARN_NON_LITERAL_NULL_CONVERSION = YES;
				CLANG_WARN_OBJC_IMPLICIT_RETAIN_SELF = YES;
				CLANG_WARN_OBJC_LITERAL_CONVERSION = YES;
				CLANG_WARN_OBJC_ROOT_CLASS = YES_ERROR;
				CLANG_WARN_QUOTED_INCLUDE_IN_FRAMEWORK_HEADER = YES;
				CLANG_WARN_RANGE_LOOP_ANALYSIS = YES;
				CLANG_WARN_STRICT_PROTOTYPES = YES;
				CLANG_WARN_SUSPICIOUS_MOVE = YES;
				CLANG_WARN_UNGUARDED_AVAILABILITY = YES_AGGRESSIVE;
				CLANG_WARN_UNREACHABLE_CODE = YES;
				CLANG_WARN__DUPLICATE_METHOD_MATCH = YES;
				COPY_PHASE_STRIP = NO;
				CURRENT_PROJECT_VERSION = 1;
				DEBUG_INFORMATION_FORMAT = "dwarf-with-dsym";
				ENABLE_NS_ASSERTIONS = NO;
				ENABLE_STRICT_OBJC_MSGSEND = YES;
				GCC_C_LANGUAGE_STANDARD = gnu11;
				GCC_NO_COMMON_BLOCKS = YES;
				GCC_WARN_64_TO_32_BIT_CONVERSION = YES;
				GCC_WARN_ABOUT_RETURN_TYPE = YES_ERROR;
				GCC_WARN_UNDECLARED_SELECTOR = YES;
				GCC_WARN_UNINITIALIZED_AUTOS = YES_AGGRESSIVE;
				GCC_WARN_UNUSED_FUNCTION = YES;
				GCC_WARN_UNUSED_VARIABLE = YES;
				IPHONEOS_DEPLOYMENT_TARGET = 13.0;
				MTL_ENABLE_DEBUG_INFO = NO;
				MTL_FAST_MATH = YES;
				SDKROOT = iphoneos;
				SWIFT_COMPILATION_MODE = wholemodule;
				SWIFT_OPTIMIZATION_LEVEL = "-O";
				VALIDATE_PRODUCT = YES;
				VERSIONING_SYSTEM = "apple-generic";
				VERSION_INFO_PREFIX = "";
			};
			name = Release;
		};
		5259D9802A715E1600B3FD76 /* Debug */ = {
			isa = XCBuildConfiguration;
			buildSettings = {
				CODE_SIGN_STYLE = Automatic;
				CURRENT_PROJECT_VERSION = 1;
				DEFINES_MODULE = YES;
				DEVELOPMENT_TEAM = 8H99W6AJAP;
				DYLIB_COMPATIBILITY_VERSION = 1;
				DYLIB_CURRENT_VERSION = 1;
				DYLIB_INSTALL_NAME_BASE = "@rpath";
				ENABLE_MODULE_VERIFIER = YES;
				GENERATE_INFOPLIST_FILE = YES;
				INFOPLIST_KEY_NSHumanReadableCopyright = "";
				INSTALL_PATH = "$(LOCAL_LIBRARY_DIR)/Frameworks";
				LD_RUNPATH_SEARCH_PATHS = (
					"$(inherited)",
					"@executable_path/Frameworks",
					"@loader_path/Frameworks",
				);
				MARKETING_VERSION = 1.0;
				MODULE_VERIFIER_SUPPORTED_LANGUAGES = "objective-c objective-c++";
				MODULE_VERIFIER_SUPPORTED_LANGUAGE_STANDARDS = "gnu11 gnu++20";
				PRODUCT_BUNDLE_IDENTIFIER = salsa.ModuleSampleApp;
				PRODUCT_NAME = "$(TARGET_NAME:c99extidentifier)";
				SKIP_INSTALL = YES;
				SWIFT_EMIT_LOC_STRINGS = YES;
				SWIFT_VERSION = 5.0;
				TARGETED_DEVICE_FAMILY = "1,2";
			};
			name = Debug;
		};
		5259D9812A715E1600B3FD76 /* Release */ = {
			isa = XCBuildConfiguration;
			buildSettings = {
				CODE_SIGN_STYLE = Automatic;
				CURRENT_PROJECT_VERSION = 1;
				DEFINES_MODULE = YES;
				DEVELOPMENT_TEAM = 8H99W6AJAP;
				DYLIB_COMPATIBILITY_VERSION = 1;
				DYLIB_CURRENT_VERSION = 1;
				DYLIB_INSTALL_NAME_BASE = "@rpath";
				ENABLE_MODULE_VERIFIER = YES;
				GENERATE_INFOPLIST_FILE = YES;
				INFOPLIST_KEY_NSHumanReadableCopyright = "";
				INSTALL_PATH = "$(LOCAL_LIBRARY_DIR)/Frameworks";
				LD_RUNPATH_SEARCH_PATHS = (
					"$(inherited)",
					"@executable_path/Frameworks",
					"@loader_path/Frameworks",
				);
				MARKETING_VERSION = 1.0;
				MODULE_VERIFIER_SUPPORTED_LANGUAGES = "objective-c objective-c++";
				MODULE_VERIFIER_SUPPORTED_LANGUAGE_STANDARDS = "gnu11 gnu++20";
				PRODUCT_BUNDLE_IDENTIFIER = salsa.ModuleSampleApp;
				PRODUCT_NAME = "$(TARGET_NAME:c99extidentifier)";
				SKIP_INSTALL = YES;
				SWIFT_EMIT_LOC_STRINGS = YES;
				SWIFT_VERSION = 5.0;
				TARGETED_DEVICE_FAMILY = "1,2";
			};
			name = Release;
		};
		5259D9B02A7160AA00B3FD76 /* Debug */ = {
			isa = XCBuildConfiguration;
			buildSettings = {
				ASSETCATALOG_COMPILER_APPICON_NAME = AppIcon;
				ASSETCATALOG_COMPILER_GLOBAL_ACCENT_COLOR_NAME = AccentColor;
				CODE_SIGN_STYLE = Automatic;
				CURRENT_PROJECT_VERSION = 1;
				DEVELOPMENT_TEAM = 8H99W6AJAP;
				GENERATE_INFOPLIST_FILE = YES;
				INFOPLIST_FILE = Example/Info.plist;
				INFOPLIST_KEY_UIApplicationSupportsIndirectInputEvents = YES;
				INFOPLIST_KEY_UILaunchStoryboardName = LaunchScreen;
				INFOPLIST_KEY_UISupportedInterfaceOrientations_iPad = "UIInterfaceOrientationPortrait UIInterfaceOrientationPortraitUpsideDown UIInterfaceOrientationLandscapeLeft UIInterfaceOrientationLandscapeRight";
				INFOPLIST_KEY_UISupportedInterfaceOrientations_iPhone = "UIInterfaceOrientationPortrait UIInterfaceOrientationLandscapeLeft UIInterfaceOrientationLandscapeRight";
				IPHONEOS_DEPLOYMENT_TARGET = 13.0;
				LD_RUNPATH_SEARCH_PATHS = (
					"$(inherited)",
					"@executable_path/Frameworks",
				);
				MARKETING_VERSION = 1.0;
				PRODUCT_BUNDLE_IDENTIFIER = salsa.Example;
				PRODUCT_NAME = "$(TARGET_NAME)";
				SWIFT_EMIT_LOC_STRINGS = YES;
				SWIFT_VERSION = 5.0;
				TARGETED_DEVICE_FAMILY = "1,2";
			};
			name = Debug;
		};
		5259D9B12A7160AA00B3FD76 /* Release */ = {
			isa = XCBuildConfiguration;
			buildSettings = {
				ASSETCATALOG_COMPILER_APPICON_NAME = AppIcon;
				ASSETCATALOG_COMPILER_GLOBAL_ACCENT_COLOR_NAME = AccentColor;
				CODE_SIGN_STYLE = Automatic;
				CURRENT_PROJECT_VERSION = 1;
				DEVELOPMENT_TEAM = 8H99W6AJAP;
				GENERATE_INFOPLIST_FILE = YES;
				INFOPLIST_FILE = Example/Info.plist;
				INFOPLIST_KEY_UIApplicationSupportsIndirectInputEvents = YES;
				INFOPLIST_KEY_UILaunchStoryboardName = LaunchScreen;
				INFOPLIST_KEY_UISupportedInterfaceOrientations_iPad = "UIInterfaceOrientationPortrait UIInterfaceOrientationPortraitUpsideDown UIInterfaceOrientationLandscapeLeft UIInterfaceOrientationLandscapeRight";
				INFOPLIST_KEY_UISupportedInterfaceOrientations_iPhone = "UIInterfaceOrientationPortrait UIInterfaceOrientationLandscapeLeft UIInterfaceOrientationLandscapeRight";
				IPHONEOS_DEPLOYMENT_TARGET = 13.0;
				LD_RUNPATH_SEARCH_PATHS = (
					"$(inherited)",
					"@executable_path/Frameworks",
				);
				MARKETING_VERSION = 1.0;
				PRODUCT_BUNDLE_IDENTIFIER = salsa.Example;
				PRODUCT_NAME = "$(TARGET_NAME)";
				SWIFT_EMIT_LOC_STRINGS = YES;
				SWIFT_VERSION = 5.0;
				TARGETED_DEVICE_FAMILY = "1,2";
			};
			name = Release;
		};
/* End XCBuildConfiguration section */

/* Begin XCConfigurationList section */
		5259D9702A715E1500B3FD76 /* Build configuration list for PBXProject "ModuleSampleApp" */ = {
			isa = XCConfigurationList;
			buildConfigurations = (
				5259D97D2A715E1600B3FD76 /* Debug */,
				5259D97E2A715E1600B3FD76 /* Release */,
			);
			defaultConfigurationIsVisible = 0;
			defaultConfigurationName = Release;
		};
		5259D97F2A715E1600B3FD76 /* Build configuration list for PBXNativeTarget "ModuleSampleApp" */ = {
			isa = XCConfigurationList;
			buildConfigurations = (
				5259D9802A715E1600B3FD76 /* Debug */,
				5259D9812A715E1600B3FD76 /* Release */,
			);
			defaultConfigurationIsVisible = 0;
			defaultConfigurationName = Release;
		};
		5259D9AF2A7160AA00B3FD76 /* Build configuration list for PBXNativeTarget "Example" */ = {
			isa = XCConfigurationList;
			buildConfigurations = (
				5259D9B02A7160AA00B3FD76 /* Debug */,
				5259D9B12A7160AA00B3FD76 /* Release */,
			);
			defaultConfigurationIsVisible = 0;
			defaultConfigurationName = Release;
		};
/* End XCConfigurationList section */
	};
	rootObject = 5259D96D2A715E1500B3FD76 /* Project object */;
}
